<?xml version="1.0" encoding="UTF-8" standalone="yes" ?>
<CodeBlocks_project_file>
	<FileVersion major="1" minor="6" />
	<Project>
		<Option title="igyba_thorlabs" />
		<Option pch_mode="2" />
		<Option compiler="gcc" />
		<Build>
			<Target title="Debug_Win">
				<Option platforms="Windows;" />
				<Option output="bin/igyba_thorlabs" prefix_auto="1" extension_auto="1" />
				<Option object_output="obj/" />
				<Option type="1" />
				<Option compiler="gcc" />
				<Option projectLinkerOptionsRelation="2" />
				<Compiler>
					<Add option="-pg" />
					<Add option="-g" />
					<Add option="-fopenmp" />
					<Add directory="C:/MinGW/mingw64/opencv/x64/mingw/bin" />
					<Add directory="C:/MinGW/mingw64/opencv/include" />
				</Compiler>
				<Linker>
					<Add option="-pg -lgmon" />
					<Add option="-fopenmp" />
					<Add library="opencv_highgui2411" />
					<Add library="opencv_imgproc2411" />
					<Add library="opencv_core2411" />
					<Add library="uc480_64" />
					<Add library="freeglut" />
					<Add library="glu32" />
					<Add library="opengl32" />
					<Add directory="C:/MinGW/mingw64/opencv/x64/mingw/lib" />
				</Linker>
			</Target>
			<Target title="Debug_Ubu">
				<Option platforms="Unix;Mac;" />
				<Option output="bin/igyba_thorlabs" prefix_auto="1" extension_auto="1" />
				<Option object_output="obj/" />
				<Option type="1" />
				<Option compiler="gcc" />
				<Compiler>
					<Add option="-pg" />
					<Add option="-g" />
					<Add option="-fopenmp" />
				</Compiler>
				<Linker>
					<Add option="-pg" />
					<Add option="-fopenmp" />
					<Add library="opencv_highgui" />
					<Add library="opencv_imgproc" />
					<Add library="opencv_core" />
					<Add library="ueye_api" />
					<Add library="GL" />
					<Add library="GLU" />
					<Add library="glut" />
				</Linker>
			</Target>
			<Target title="Release_Win">
				<Option platforms="Windows;" />
				<Option output="bin/igyba_thorlabs" prefix_auto="1" extension_auto="1" />
				<Option object_output="obj/" />
				<Option type="1" />
				<Option compiler="gcc" />
				<Option projectLinkerOptionsRelation="2" />
				<Compiler>
					<Add option="-O3" />
					<Add option="-pg" />
					<Add option="-g" />
					<Add option="-fopenmp" />
					<Add option="-DIGYBA_NDEBUG" />
					<Add option="-DNDEBUG" />
					<Add directory="C:/MinGW/mingw64/opencv/x64/mingw/bin" />
					<Add directory="C:/MinGW/mingw64/opencv/include" />
				</Compiler>
				<Linker>
					<Add option="-pg -lgmon" />
					<Add option="-fopenmp" />
					<Add library="uc480_64" />
					<Add library="freeglut" />
					<Add library="glu32" />
					<Add library="opengl32" />
					<Add library="opencv_highgui2411" />
					<Add library="opencv_imgproc2411" />
					<Add library="opencv_core2411" />
					<Add directory="C:/MinGW/mingw64/opencv/x64/mingw/lib" />
				</Linker>
			</Target>
			<Target title="Debug_Win_WO_win">
				<Option platforms="Windows;" />
				<Option output="bin/igyba_thorlabs" prefix_auto="1" extension_auto="1" />
				<Option object_output="obj/" />
				<Option type="1" />
				<Option compiler="gcc" />
				<Option projectLinkerOptionsRelation="2" />
				<Compiler>
					<Add option="-g" />
					<Add option="-fopenmp" />
					<Add directory="C:/MinGW/mingw64/opencv/x64/mingw/bin" />
					<Add directory="C:/MinGW/mingw64/opencv/include" />
				</Compiler>
				<Linker>
					<Add option="-fopenmp" />
					<Add option="-mwindows" />
					<Add library="opencv_highgui2411" />
					<Add library="opencv_imgproc2411" />
					<Add library="opencv_core2411" />
					<Add library="uc480_64" />
					<Add library="freeglut" />
					<Add library="glu32" />
					<Add library="opengl32" />
					<Add library="gdi32" />
					<Add directory="C:/MinGW/mingw64/opencv/x64/mingw/lib" />
				</Linker>
			</Target>
			<Target title="Release_Win_Static">
				<Option platforms="Windows;" />
				<Option output="bin/igyba_thorlabs" prefix_auto="1" extension_auto="1" />
				<Option object_output="obj/" />
				<Option type="1" />
				<Option compiler="gcc" />
				<Option projectLinkerOptionsRelation="2" />
				<Compiler>
					<Add option="-O3" />
					<Add option="-fopenmp" />
					<Add option="-DIGYBA_NDEBUG" />
					<Add option="-DNDEBUG" />
					<Add option="-DFREEGLUT_STATIC" />
					<Add directory="C:/MinGW/mingw64/opencv_static/x64/mingw/bin" />
					<Add directory="C:/MinGW/mingw64/opencv_static/include" />
				</Compiler>
				<Linker>
					<Add option="-s" />
					<Add option="-fopenmp" />
					<Add option="-static-libgcc" />
					<Add option="-static-libstdc++" />
					<Add library="uc480_64" />
					<Add library="opencv_highgui2411" />
					<Add library="opencv_imgproc2411" />
					<Add library="opencv_core2411" />
					<Add library="IlmImf" />
					<Add library="liblibpng" />
					<Add library="liblibjasper" />
					<Add library="liblibjpeg" />
					<Add library="liblibtiff" />
					<Add library="zlib" />
					<Add library="freeglut_static" />
					<Add library="comctl32" />
					<Add library="gdi32" />
					<Add library="glu32" />
					<Add library="opengl32" />
					<Add library="winpthread" />
					<Add library="gomp" />
					<Add library="winmm" />
					<Add directory="C:/MinGW/mingw64/opencv_static/x64/mingw/staticlib" />
				</Linker>
			</Target>
		</Build>
		<Compiler>
			<Add option="-pedantic" />
			<Add option="-std=c++11" />
			<Add option="-Wextra" />
			<Add option="-Wall" />
		</Compiler>
		<Unit filename="../grabber/src/grabber_class.cpp" />
		<Unit filename="../grabber/src/grabber_class.h" />
		<Unit filename="../grabber/src/test.cpp">
			<Option target="Debug_Win" />
			<Option target="Debug_Ubu" />
			<Option target="Debug_Win_WO_win" />
		</Unit>
		<Unit filename="../grabber/src/test.h" />
		<Unit filename="../minime_pp/src/fifo_class.cpp" />
		<Unit filename="../minime_pp/src/fifo_class.h" />
		<Unit filename="../minime_pp/src/fit_fun_profile.cpp" />
		<Unit filename="../minime_pp/src/funcs.cpp" />
		<Unit filename="../minime_pp/src/funcs.h" />
		<Unit filename="../minime_pp/src/gabe_class.cpp" />
		<Unit filename="../minime_pp/src/gabe_class.h" />
		<Unit filename="../minime_pp/src/minime_class.cpp" />
		<Unit filename="../minime_pp/src/minime_class.h" />
		<Unit filename="../minime_pp/src/minimizer_s.cpp" />
		<Unit filename="../minime_pp/src/minimizer_s.h" />
		<Unit filename="../minime_pp/src/random.cpp" />
		<Unit filename="../minime_pp/src/random.h" />
		<Unit filename="../src/auxf.cpp" />
		<Unit filename="../src/header.hpp" />
		<Unit filename="../src/mingw.condition_variable.h" />
		<Unit filename="../src/mingw.mutex.h" />
		<Unit filename="../src/mingw.thread.h" />
		<Unit filename="../src/threadhand_class.cpp" />
		<Unit filename="../src/threadhand_class.h" />
		<Unit filename="../thorlabs_cam/thorlabs_cam.cpp" />
		<Unit filename="../thorlabs_cam/thorlabs_cam.h" />
		<Unit filename="../thorlabs_cam/uc480.h" />
		<Unit filename="../thorlabs_cam/ueye.h" />
		<Unit filename="../viewer_pp/src/draw.cpp" />
		<Unit filename="../viewer_pp/src/viewer_class.cpp" />
		<Unit filename="../viewer_pp/src/viewer_class.h" />
		<Unit filename="Makefile">
			<Option compilerVar="CC" />
		</Unit>
		<Unit filename="README" />
		<Unit filename="igyba_thorlabs.rc">
			<Option compilerVar="WINDRES" />
			<Option target="Debug_Win" />
			<Option target="Release_Win" />
			<Option target="Debug_Win_WO_win" />
			<Option target="Release_Win_Static" />
		</Unit>
		<Unit filename="main.cpp" />
		<Extensions>
			<AutoVersioning>
				<Scheme minor_max="10" build_max="0" rev_max="0" rev_rand_max="10" build_times_to_increment_minor="100" />
				<Settings autoincrement="1" date_declarations="1" use_define="0" update_manifest="0" do_auto_increment="1" ask_to_increment="0" language="C" svn="0" svn_directory="" header_path="version.h" />
				<Changes_Log show_changes_editor="1" app_title="released version %M.%m.%b of %p" changeslog_path="ChangesLog.txt" />
				<Code header_guard="VERSION_H" namespace="" prefix="" />
			</AutoVersioning>
			<code_completion />
			<envvars />
			<debugger />
			<wxsmith version="1">
				<gui name="wxWidgets" src="src/wxapp.cpp" main="-- None --" init_handlers="necessary" language="CPP" />
			</wxsmith>
		</Extensions>
	</Project>
</CodeBlocks_project_file>
